// !$*UTF8*$!
{
	archiveVersion = 1;
	classes = {
	};
	objectVersion = 50;
	objects = {

/* Begin PBXBuildFile section */
		85769B2825991D7E00FDA692 /* AppDelegate.swift in Sources */ = {isa = PBXBuildFile; fileRef = 85769B2725991D7E00FDA692 /* AppDelegate.swift */; };
		85769B2A25991D7E00FDA692 /* SceneDelegate.swift in Sources */ = {isa = PBXBuildFile; fileRef = 85769B2925991D7E00FDA692 /* SceneDelegate.swift */; };
		85769B2C25991D7E00FDA692 /* ViewController.swift in Sources */ = {isa = PBXBuildFile; fileRef = 85769B2B25991D7E00FDA692 /* ViewController.swift */; };
		85769B2F25991D7E00FDA692 /* Main.storyboard in Resources */ = {isa = PBXBuildFile; fileRef = 85769B2D25991D7E00FDA692 /* Main.storyboard */; };
		85769B3125991D7E00FDA692 /* Assets.xcassets in Resources */ = {isa = PBXBuildFile; fileRef = 85769B3025991D7E00FDA692 /* Assets.xcassets */; };
		85769B3425991D7E00FDA692 /* LaunchScreen.storyboard in Resources */ = {isa = PBXBuildFile; fileRef = 85769B3225991D7E00FDA692 /* LaunchScreen.storyboard */; };
		85769B3F25991D7F00FDA692 /* SudokuTests.swift in Sources */ = {isa = PBXBuildFile; fileRef = 85769B3E25991D7F00FDA692 /* SudokuTests.swift */; };
		85769B4A25991D7F00FDA692 /* SudokuUITests.swift in Sources */ = {isa = PBXBuildFile; fileRef = 85769B4925991D7F00FDA692 /* SudokuUITests.swift */; };
/* End PBXBuildFile section */

/* Begin PBXContainerItemProxy section */
		85769B3B25991D7F00FDA692 /* PBXContainerItemProxy */ = {
			isa = PBXContainerItemProxy;
			containerPortal = 85769B1C25991D7E00FDA692 /* Project object */;
			proxyType = 1;
			remoteGlobalIDString = 85769B2325991D7E00FDA692;
			remoteInfo = Sudoku;
		};
		85769B4625991D7F00FDA692 /* PBXContainerItemProxy */ = {
			isa = PBXContainerItemProxy;
			containerPortal = 85769B1C25991D7E00FDA692 /* Project object */;
			proxyType = 1;
			remoteGlobalIDString = 85769B2325991D7E00FDA692;
			remoteInfo = Sudoku;
		};
/* End PBXContainerItemProxy section */

/* Begin PBXFileReference section */
		85769B2425991D7E00FDA692 /* Sudoku.app */ = {isa = PBXFileReference; explicitFileType = wrapper.application; includeInIndex = 0; path = Sudoku.app; sourceTree = BUILT_PRODUCTS_DIR; };
		85769B2725991D7E00FDA692 /* AppDelegate.swift */ = {isa = PBXFileReference; lastKnownFileType = sourcecode.swift; path = AppDelegate.swift; sourceTree = "<group>"; };
		85769B2925991D7E00FDA692 /* SceneDelegate.swift */ = {isa = PBXFileReference; lastKnownFileType = sourcecode.swift; path = SceneDelegate.swift; sourceTree = "<group>"; };
		85769B2B25991D7E00FDA692 /* ViewController.swift */ = {isa = PBXFileReference; lastKnownFileType = sourcecode.swift; path = ViewController.swift; sourceTree = "<group>"; };
		85769B2E25991D7E00FDA692 /* Base */ = {isa = PBXFileReference; lastKnownFileType = file.storyboard; name = Base; path = Base.lproj/Main.storyboard; sourceTree = "<group>"; };
		85769B3025991D7E00FDA692 /* Assets.xcassets */ = {isa = PBXFileReference; lastKnownFileType = folder.assetcatalog; path = Assets.xcassets; sourceTree = "<group>"; };
		85769B3325991D7E00FDA692 /* Base */ = {isa = PBXFileReference; lastKnownFileType = file.storyboard; name = Base; path = Base.lproj/LaunchScreen.storyboard; sourceTree = "<group>"; };
		85769B3525991D7E00FDA692 /* Info.plist */ = {isa = PBXFileReference; lastKnownFileType = text.plist.xml; path = Info.plist; sourceTree = "<group>"; };
		85769B3A25991D7F00FDA692 /* SudokuTests.xctest */ = {isa = PBXFileReference; explicitFileType = wrapper.cfbundle; includeInIndex = 0; path = SudokuTests.xctest; sourceTree = BUILT_PRODUCTS_DIR; };
		85769B3E25991D7F00FDA692 /* SudokuTests.swift */ = {isa = PBXFileReference; lastKnownFileType = sourcecode.swift; path = SudokuTests.swift; sourceTree = "<group>"; };
		85769B4025991D7F00FDA692 /* Info.plist */ = {isa = PBXFileReference; lastKnownFileType = text.plist.xml; path = Info.plist; sourceTree = "<group>"; };
		85769B4525991D7F00FDA692 /* SudokuUITests.xctest */ = {isa = PBXFileReference; explicitFileType = wrapper.cfbundle; includeInIndex = 0; path = SudokuUITests.xctest; sourceTree = BUILT_PRODUCTS_DIR; };
		85769B4925991D7F00FDA692 /* SudokuUITests.swift */ = {isa = PBXFileReference; lastKnownFileType = sourcecode.swift; path = SudokuUITests.swift; sourceTree = "<group>"; };
		85769B4B25991D7F00FDA692 /* Info.plist */ = {isa = PBXFileReference; lastKnownFileType = text.plist.xml; path = Info.plist; sourceTree = "<group>"; };
/* End PBXFileReference section */

/* Begin PBXFrameworksBuildPhase section */
		85769B2125991D7E00FDA692 /* Frameworks */ = {
			isa = PBXFrameworksBuildPhase;
			buildActionMask = 2147483647;
			files = (
			);
			runOnlyForDeploymentPostprocessing = 0;
		};
		85769B3725991D7F00FDA692 /* Frameworks */ = {
			isa = PBXFrameworksBuildPhase;
			buildActionMask = 2147483647;
			files = (
			);
			runOnlyForDeploymentPostprocessing = 0;
		};
		85769B4225991D7F00FDA692 /* Frameworks */ = {
			isa = PBXFrameworksBuildPhase;
			buildActionMask = 2147483647;
			files = (
			);
			runOnlyForDeploymentPostprocessing = 0;
		};
/* End PBXFrameworksBuildPhase section */

/* Begin PBXGroup section */
		85769B1B25991D7E00FDA692 = {
			isa = PBXGroup;
			children = (
				85769B2625991D7E00FDA692 /* Sudoku */,
				85769B3D25991D7F00FDA692 /* SudokuTests */,
				85769B4825991D7F00FDA692 /* SudokuUITests */,
				85769B2525991D7E00FDA692 /* Products */,
			);
			sourceTree = "<group>";
		};
		85769B2525991D7E00FDA692 /* Products */ = {
			isa = PBXGroup;
			children = (
				85769B2425991D7E00FDA692 /* Sudoku.app */,
				85769B3A25991D7F00FDA692 /* SudokuTests.xctest */,
				85769B4525991D7F00FDA692 /* SudokuUITests.xctest */,
			);
			name = Products;
			sourceTree = "<group>";
		};
		85769B2625991D7E00FDA692 /* Sudoku */ = {
			isa = PBXGroup;
			children = (
				85769B2725991D7E00FDA692 /* AppDelegate.swift */,
				85769B2925991D7E00FDA692 /* SceneDelegate.swift */,
				85769B2B25991D7E00FDA692 /* ViewController.swift */,
				85769B2D25991D7E00FDA692 /* Main.storyboard */,
				85769B3025991D7E00FDA692 /* Assets.xcassets */,
				85769B3225991D7E00FDA692 /* LaunchScreen.storyboard */,
				85769B3525991D7E00FDA692 /* Info.plist */,
			);
			path = Sudoku;
			sourceTree = "<group>";
		};
		85769B3D25991D7F00FDA692 /* SudokuTests */ = {
			isa = PBXGroup;
			children = (
				85769B3E25991D7F00FDA692 /* SudokuTests.swift */,
				85769B4025991D7F00FDA692 /* Info.plist */,
			);
			path = SudokuTests;
			sourceTree = "<group>";
		};
		85769B4825991D7F00FDA692 /* SudokuUITests */ = {
			isa = PBXGroup;
			children = (
				85769B4925991D7F00FDA692 /* SudokuUITests.swift */,
				85769B4B25991D7F00FDA692 /* Info.plist */,
			);
			path = SudokuUITests;
			sourceTree = "<group>";
		};
/* End PBXGroup section */

/* Begin PBXNativeTarget section */
		85769B2325991D7E00FDA692 /* Sudoku */ = {
			isa = PBXNativeTarget;
			buildConfigurationList = 85769B4E25991D7F00FDA692 /* Build configuration list for PBXNativeTarget "Sudoku" */;
			buildPhases = (
				85769B2025991D7E00FDA692 /* Sources */,
				85769B2125991D7E00FDA692 /* Frameworks */,
				85769B2225991D7E00FDA692 /* Resources */,
			);
			buildRules = (
			);
			dependencies = (
			);
			name = Sudoku;
			productName = Sudoku;
			productReference = 85769B2425991D7E00FDA692 /* Sudoku.app */;
			productType = "com.apple.product-type.application";
		};
		85769B3925991D7F00FDA692 /* SudokuTests */ = {
			isa = PBXNativeTarget;
			buildConfigurationList = 85769B5125991D7F00FDA692 /* Build configuration list for PBXNativeTarget "SudokuTests" */;
			buildPhases = (
				85769B3625991D7F00FDA692 /* Sources */,
				85769B3725991D7F00FDA692 /* Frameworks */,
				85769B3825991D7F00FDA692 /* Resources */,
			);
			buildRules = (
			);
			dependencies = (
				85769B3C25991D7F00FDA692 /* PBXTargetDependency */,
			);
			name = SudokuTests;
			productName = SudokuTests;
			productReference = 85769B3A25991D7F00FDA692 /* SudokuTests.xctest */;
			productType = "com.apple.product-type.bundle.unit-test";
		};
		85769B4425991D7F00FDA692 /* SudokuUITests */ = {
			isa = PBXNativeTarget;
			buildConfigurationList = 85769B5425991D7F00FDA692 /* Build configuration list for PBXNativeTarget "SudokuUITests" */;
			buildPhases = (
				85769B4125991D7F00FDA692 /* Sources */,
				85769B4225991D7F00FDA692 /* Frameworks */,
				85769B4325991D7F00FDA692 /* Resources */,
			);
			buildRules = (
			);
			dependencies = (
				85769B4725991D7F00FDA692 /* PBXTargetDependency */,
			);
			name = SudokuUITests;
			productName = SudokuUITests;
			productReference = 85769B4525991D7F00FDA692 /* SudokuUITests.xctest */;
			productType = "com.apple.product-type.bundle.ui-testing";
		};
/* End PBXNativeTarget section */

/* Begin PBXProject section */
		85769B1C25991D7E00FDA692 /* Project object */ = {
			isa = PBXProject;
			attributes = {
				LastSwiftUpdateCheck = 1230;
				LastUpgradeCheck = 1230;
				TargetAttributes = {
					85769B2325991D7E00FDA692 = {
						CreatedOnToolsVersion = 12.3;
					};
					85769B3925991D7F00FDA692 = {
						CreatedOnToolsVersion = 12.3;
						TestTargetID = 85769B2325991D7E00FDA692;
					};
					85769B4425991D7F00FDA692 = {
						CreatedOnToolsVersion = 12.3;
						TestTargetID = 85769B2325991D7E00FDA692;
					};
				};
			};
			buildConfigurationList = 85769B1F25991D7E00FDA692 /* Build configuration list for PBXProject "Sudoku" */;
			compatibilityVersion = "Xcode 9.3";
			developmentRegion = en;
			hasScannedForEncodings = 0;
			knownRegions = (
				en,
				Base,
			);
			mainGroup = 85769B1B25991D7E00FDA692;
			productRefGroup = 85769B2525991D7E00FDA692 /* Products */;
			projectDirPath = "";
			projectRoot = "";
			targets = (
				85769B2325991D7E00FDA692 /* Sudoku */,
				85769B3925991D7F00FDA692 /* SudokuTests */,
				85769B4425991D7F00FDA692 /* SudokuUITests */,
			);
		};
/* End PBXProject section */

/* Begin PBXResourcesBuildPhase section */
		85769B2225991D7E00FDA692 /* Resources */ = {
			isa = PBXResourcesBuildPhase;
			buildActionMask = 2147483647;
			files = (
				85769B3425991D7E00FDA692 /* LaunchScreen.storyboard in Resources */,
				85769B3125991D7E00FDA692 /* Assets.xcassets in Resources */,
				85769B2F25991D7E00FDA692 /* Main.storyboard in Resources */,
			);
			runOnlyForDeploymentPostprocessing = 0;
		};
		85769B3825991D7F00FDA692 /* Resources */ = {
			isa = PBXResourcesBuildPhase;
			buildActionMask = 2147483647;
			files = (
			);
			runOnlyForDeploymentPostprocessing = 0;
		};
		85769B4325991D7F00FDA692 /* Resources */ = {
			isa = PBXResourcesBuildPhase;
			buildActionMask = 2147483647;
			files = (
			);
			runOnlyForDeploymentPostprocessing = 0;
		};
/* End PBXResourcesBuildPhase section */

/* Begin PBXSourcesBuildPhase section */
		85769B2025991D7E00FDA692 /* Sources */ = {
			isa = PBXSourcesBuildPhase;
			buildActionMask = 2147483647;
			files = (
				85769B2C25991D7E00FDA692 /* ViewController.swift in Sources */,
				85769B2825991D7E00FDA692 /* AppDelegate.swift in Sources */,
				85769B2A25991D7E00FDA692 /* SceneDelegate.swift in Sources */,
			);
			runOnlyForDeploymentPostprocessing = 0;
		};
		85769B3625991D7F00FDA692 /* Sources */ = {
			isa = PBXSourcesBuildPhase;
			buildActionMask = 2147483647;
			files = (
				85769B3F25991D7F00FDA692 /* SudokuTests.swift in Sources */,
			);
			runOnlyForDeploymentPostprocessing = 0;
		};
		85769B4125991D7F00FDA692 /* Sources */ = {
			isa = PBXSourcesBuildPhase;
			buildActionMask = 2147483647;
			files = (
				85769B4A25991D7F00FDA692 /* SudokuUITests.swift in Sources */,
			);
			runOnlyForDeploymentPostprocessing = 0;
		};
/* End PBXSourcesBuildPhase section */

/* Begin PBXTargetDependency section */
		85769B3C25991D7F00FDA692 /* PBXTargetDependency */ = {
			isa = PBXTargetDependency;
			target = 85769B2325991D7E00FDA692 /* Sudoku */;
			targetProxy = 85769B3B25991D7F00FDA692 /* PBXContainerItemProxy */;
		};
		85769B4725991D7F00FDA692 /* PBXTargetDependency */ = {
			isa = PBXTargetDependency;
			target = 85769B2325991D7E00FDA692 /* Sudoku */;
			targetProxy = 85769B4625991D7F00FDA692 /* PBXContainerItemProxy */;
		};
/* End PBXTargetDependency section */

/* Begin PBXVariantGroup section */
		85769B2D25991D7E00FDA692 /* Main.storyboard */ = {
			isa = PBXVariantGroup;
			children = (
				85769B2E25991D7E00FDA692 /* Base */,
			);
			name = Main.storyboard;
			sourceTree = "<group>";
		};
		85769B3225991D7E00FDA692 /* LaunchScreen.storyboard */ = {
			isa = PBXVariantGroup;
			children = (
				85769B3325991D7E00FDA692 /* Base */,
			);
			name = LaunchScreen.storyboard;
			sourceTree = "<group>";
		};
/* End PBXVariantGroup section */

/* Begin XCBuildConfiguration section */
		85769B4C25991D7F00FDA692 /* Debug */ = {
			isa = XCBuildConfiguration;
			buildSettings = {
				ALWAYS_SEARCH_USER_PATHS = NO;
				CLANG_ANALYZER_NONNULL = YES;
				CLANG_ANALYZER_NUMBER_OBJECT_CONVERSION = YES_AGGRESSIVE;
				CLANG_CXX_LANGUAGE_STANDARD = "gnu++14";
				CLANG_CXX_LIBRARY = "libc++";
				CLANG_ENABLE_MODULES = YES;
				CLANG_ENABLE_OBJC_ARC = YES;
				CLANG_ENABLE_OBJC_WEAK = YES;
				CLANG_WARN_BLOCK_CAPTURE_AUTORELEASING = YES;
				CLANG_WARN_BOOL_CONVERSION = YES;
				CLANG_WARN_COMMA = YES;
				CLANG_WARN_CONSTANT_CONVERSION = YES;
				CLANG_WARN_DEPRECATED_OBJC_IMPLEMENTATIONS = YES;
				CLANG_WARN_DIRECT_OBJC_ISA_USAGE = YES_ERROR;
				CLANG_WARN_DOCUMENTATION_COMMENTS = YES;
				CLANG_WARN_EMPTY_BODY = YES;
				CLANG_WARN_ENUM_CONVERSION = YES;
				CLANG_WARN_INFINITE_RECURSION = YES;
				CLANG_WARN_INT_CONVERSION = YES;
				CLANG_WARN_NON_LITERAL_NULL_CONVERSION = YES;
				CLANG_WARN_OBJC_IMPLICIT_RETAIN_SELF = YES;
				CLANG_WARN_OBJC_LITERAL_CONVERSION = YES;
				CLANG_WARN_OBJC_ROOT_CLASS = YES_ERROR;
				CLANG_WARN_QUOTED_INCLUDE_IN_FRAMEWORK_HEADER = YES;
				CLANG_WARN_RANGE_LOOP_ANALYSIS = YES;
				CLANG_WARN_STRICT_PROTOTYPES = YES;
				CLANG_WARN_SUSPICIOUS_MOVE = YES;
				CLANG_WARN_UNGUARDED_AVAILABILITY = YES_AGGRESSIVE;
				CLANG_WARN_UNREACHABLE_CODE = YES;
				CLANG_WARN__DUPLICATE_METHOD_MATCH = YES;
				COPY_PHASE_STRIP = NO;
				DEBUG_INFORMATION_FORMAT = dwarf;
				ENABLE_STRICT_OBJC_MSGSEND = YES;
				ENABLE_TESTABILITY = YES;
				GCC_C_LANGUAGE_STANDARD = gnu11;
				GCC_DYNAMIC_NO_PIC = NO;
				GCC_NO_COMMON_BLOCKS = YES;
				GCC_OPTIMIZATION_LEVEL = 0;
				GCC_PREPROCESSOR_DEFINITIONS = (
					"DEBUG=1",
					"$(inherited)",
				);
				GCC_WARN_64_TO_32_BIT_CONVERSION = YES;
				GCC_WARN_ABOUT_RETURN_TYPE = YES_ERROR;
				GCC_WARN_UNDECLARED_SELECTOR = YES;
				GCC_WARN_UNINITIALIZED_AUTOS = YES_AGGRESSIVE;
				GCC_WARN_UNUSED_FUNCTION = YES;
				GCC_WARN_UNUSED_VARIABLE = YES;
				IPHONEOS_DEPLOYMENT_TARGET = 14.3;
				MTL_ENABLE_DEBUG_INFO = INCLUDE_SOURCE;
				MTL_FAST_MATH = YES;
				ONLY_ACTIVE_ARCH = YES;
				SDKROOT = iphoneos;
				SWIFT_ACTIVE_COMPILATION_CONDITIONS = DEBUG;
				SWIFT_OPTIMIZATION_LEVEL = "-Onone";
			};
			name = Debug;
		};
		85769B4D25991D7F00FDA692 /* Release */ = {
			isa = XCBuildConfiguration;
			buildSettings = {
				ALWAYS_SEARCH_USER_PATHS = NO;
				CLANG_ANALYZER_NONNULL = YES;
				CLANG_ANALYZER_NUMBER_OBJECT_CONVERSION = YES_AGGRESSIVE;
				CLANG_CXX_LANGUAGE_STANDARD = "gnu++14";
				CLANG_CXX_LIBRARY = "libc++";
				CLANG_ENABLE_MODULES = YES;
				CLANG_ENABLE_OBJC_ARC = YES;
				CLANG_ENABLE_OBJC_WEAK = YES;
				CLANG_WARN_BLOCK_CAPTURE_AUTORELEASING = YES;
				CLANG_WARN_BOOL_CONVERSION = YES;
				CLANG_WARN_COMMA = YES;
				CLANG_WARN_CONSTANT_CONVERSION = YES;
				CLANG_WARN_DEPRECATED_OBJC_IMPLEMENTATIONS = YES;
				CLANG_WARN_DIRECT_OBJC_ISA_USAGE = YES_ERROR;
				CLANG_WARN_DOCUMENTATION_COMMENTS = YES;
				CLANG_WARN_EMPTY_BODY = YES;
				CLANG_WARN_ENUM_CONVERSION = YES;
				CLANG_WARN_INFINITE_RECURSION = YES;
				CLANG_WARN_INT_CONVERSION = YES;
				CLANG_WARN_NON_LITERAL_NULL_CONVERSION = YES;
				CLANG_WARN_OBJC_IMPLICIT_RETAIN_SELF = YES;
				CLANG_WARN_OBJC_LITERAL_CONVERSION = YES;
				CLANG_WARN_OBJC_ROOT_CLASS = YES_ERROR;
				CLANG_WARN_QUOTED_INCLUDE_IN_FRAMEWORK_HEADER = YES;
				CLANG_WARN_RANGE_LOOP_ANALYSIS = YES;
				CLANG_WARN_STRICT_PROTOTYPES = YES;
				CLANG_WARN_SUSPICIOUS_MOVE = YES;
				CLANG_WARN_UNGUARDED_AVAILABILITY = YES_AGGRESSIVE;
				CLANG_WARN_UNREACHABLE_CODE = YES;
				CLANG_WARN__DUPLICATE_METHOD_MATCH = YES;
				COPY_PHASE_STRIP = NO;
				DEBUG_INFORMATION_FORMAT = "dwarf-with-dsym";
				ENABLE_NS_ASSERTIONS = NO;
				ENABLE_STRICT_OBJC_MSGSEND = YES;
				GCC_C_LANGUAGE_STANDARD = gnu11;
				GCC_NO_COMMON_BLOCKS = YES;
				GCC_WARN_64_TO_32_BIT_CONVERSION = YES;
				GCC_WARN_ABOUT_RETURN_TYPE = YES_ERROR;
				GCC_WARN_UNDECLARED_SELECTOR = YES;
				GCC_WARN_UNINITIALIZED_AUTOS = YES_AGGRESSIVE;
				GCC_WARN_UNUSED_FUNCTION = YES;
				GCC_WARN_UNUSED_VARIABLE = YES;
				IPHONEOS_DEPLOYMENT_TARGET = 14.3;
				MTL_ENABLE_DEBUG_INFO = NO;
				MTL_FAST_MATH = YES;
				SDKROOT = iphoneos;
				SWIFT_COMPILATION_MODE = wholemodule;
				SWIFT_OPTIMIZATION_LEVEL = "-O";
				VALIDATE_PRODUCT = YES;
			};
			name = Release;
		};
		85769B4F25991D7F00FDA692 /* Debug */ = {
			isa = XCBuildConfiguration;
			buildSettings = {
				ASSETCATALOG_COMPILER_APPICON_NAME = AppIcon;
				ASSETCATALOG_COMPILER_GLOBAL_ACCENT_COLOR_NAME = AccentColor;
				CODE_SIGN_STYLE = Automatic;
				DEVELOPMENT_TEAM = 9Y789C28ZZ;
				INFOPLIST_FILE = Sudoku/Info.plist;
				LD_RUNPATH_SEARCH_PATHS = (
					"$(inherited)",
					"@executable_path/Frameworks",
				);
				PRODUCT_BUNDLE_IDENTIFIER = in.ghisla.Sudoku;
				PRODUCT_NAME = "$(TARGET_NAME)";
				SWIFT_VERSION = 5.0;
				TARGETED_DEVICE_FAMILY = 1;
			};
			name = Debug;
		};
		85769B5025991D7F00FDA692 /* Release */ = {
			isa = XCBuildConfiguration;
			buildSettings = {
				ASSETCATALOG_COMPILER_APPICON_NAME = AppIcon;
				ASSETCATALOG_COMPILER_GLOBAL_ACCENT_COLOR_NAME = AccentColor;
				CODE_SIGN_STYLE = Automatic;
				DEVELOPMENT_TEAM = 9Y789C28ZZ;
				INFOPLIST_FILE = Sudoku/Info.plist;
				LD_RUNPATH_SEARCH_PATHS = (
					"$(inherited)",
					"@executable_path/Frameworks",
				);
				PRODUCT_BUNDLE_IDENTIFIER = in.ghisla.Sudoku;
				PRODUCT_NAME = "$(TARGET_NAME)";
				SWIFT_VERSION = 5.0;
				TARGETED_DEVICE_FAMILY = 1;
			};
			name = Release;
		};
		85769B5225991D7F00FDA692 /* Debug */ = {
			isa = XCBuildConfiguration;
			buildSettings = {
				ALWAYS_EMBED_SWIFT_STANDARD_LIBRARIES = YES;
				BUNDLE_LOADER = "$(TEST_HOST)";
				CODE_SIGN_STYLE = Automatic;
				DEVELOPMENT_TEAM = 9Y789C28ZZ;
				INFOPLIST_FILE = SudokuTests/Info.plist;
				IPHONEOS_DEPLOYMENT_TARGET = 14.3;
				LD_RUNPATH_SEARCH_PATHS = (
					"$(inherited)",
					"@executable_path/Frameworks",
					"@loader_path/Frameworks",
				);
				PRODUCT_BUNDLE_IDENTIFIER = in.ghisla.SudokuTests;
				PRODUCT_NAME = "$(TARGET_NAME)";
				SWIFT_VERSION = 5.0;
				TARGETED_DEVICE_FAMILY = "1,2";
				TEST_HOST = "$(BUILT_PRODUCTS_DIR)/Sudoku.app/Sudoku";
			};
			name = Debug;
		};
		85769B5325991D7F00FDA692 /* Release */ = {
			isa = XCBuildConfiguration;
			buildSettings = {
				ALWAYS_EMBED_SWIFT_STANDARD_LIBRARIES = YES;
				BUNDLE_LOADER = "$(TEST_HOST)";
				CODE_SIGN_STYLE = Automatic;
				DEVELOPMENT_TEAM = 9Y789C28ZZ;
				INFOPLIST_FILE = SudokuTests/Info.plist;
				IPHONEOS_DEPLOYMENT_TARGET = 14.3;
				LD_RUNPATH_SEARCH_PATHS = (
					"$(inherited)",
					"@executable_path/Frameworks",
					"@loader_path/Frameworks",
				);
				PRODUCT_BUNDLE_IDENTIFIER = in.ghisla.SudokuTests;
				PRODUCT_NAME = "$(TARGET_NAME)";
				SWIFT_VERSION = 5.0;
				TARGETED_DEVICE_FAMILY = "1,2";
				TEST_HOST = "$(BUILT_PRODUCTS_DIR)/Sudoku.app/Sudoku";
			};
			name = Release;
		};
		85769B5525991D7F00FDA692 /* Debug */ = {
			isa = XCBuildConfiguration;
			buildSettings = {
				ALWAYS_EMBED_SWIFT_STANDARD_LIBRARIES = YES;
				CODE_SIGN_STYLE = Automatic;
				DEVELOPMENT_TEAM = 9Y789C28ZZ;
				INFOPLIST_FILE = SudokuUITests/Info.plist;
				LD_RUNPATH_SEARCH_PATHS = (
					"$(inherited)",
					"@executable_path/Frameworks",
					"@loader_path/Frameworks",
				);
				PRODUCT_BUNDLE_IDENTIFIER = in.ghisla.SudokuUITests;
				PRODUCT_NAME = "$(TARGET_NAME)";
				SWIFT_VERSION = 5.0;
				TARGETED_DEVICE_FAMILY = "1,2";
				TEST_TARGET_NAME = Sudoku;
			};
			name = Debug;
		};
		85769B5625991D7F00FDA692 /* Release */ = {
			isa = XCBuildConfiguration;
			buildSettings = {
				ALWAYS_EMBED_SWIFT_STANDARD_LIBRARIES = YES;
				CODE_SIGN_STYLE = Automatic;
				DEVELOPMENT_TEAM = 9Y789C28ZZ;
				INFOPLIST_FILE = SudokuUITests/Info.plist;
				LD_RUNPATH_SEARCH_PATHS = (
					"$(inherited)",
					"@executable_path/Frameworks",
					"@loader_path/Frameworks",
				);
				PRODUCT_BUNDLE_IDENTIFIER = in.ghisla.SudokuUITests;
				PRODUCT_NAME = "$(TARGET_NAME)";
				SWIFT_VERSION = 5.0;
				TARGETED_DEVICE_FAMILY = "1,2";
				TEST_TARGET_NAME = Sudoku;
			};
			name = Release;
		};
/* End XCBuildConfiguration section */

/* Begin XCConfigurationList section */
		85769B1F25991D7E00FDA692 /* Build configuration list for PBXProject "Sudoku" */ = {
			isa = XCConfigurationList;
			buildConfigurations = (
				85769B4C25991D7F00FDA692 /* Debug */,
				85769B4D25991D7F00FDA692 /* Release */,
			);
			defaultConfigurationIsVisible = 0;
			defaultConfigurationName = Release;
		};
		85769B4E25991D7F00FDA692 /* Build configuration list for PBXNativeTarget "Sudoku" */ = {
			isa = XCConfigurationList;
			buildConfigurations = (
				85769B4F25991D7F00FDA692 /* Debug */,
				85769B5025991D7F00FDA692 /* Release */,
			);
			defaultConfigurationIsVisible = 0;
			defaultConfigurationName = Release;
		};
		85769B5125991D7F00FDA692 /* Build configuration list for PBXNativeTarget "SudokuTests" */ = {
			isa = XCConfigurationList;
			buildConfigurations = (
				85769B5225991D7F00FDA692 /* Debug */,
				85769B5325991D7F00FDA692 /* Release */,
			);
			defaultConfigurationIsVisible = 0;
			defaultConfigurationName = Release;
		};
		85769B5425991D7F00FDA692 /* Build configuration list for PBXNativeTarget "SudokuUITests" */ = {
			isa = XCConfigurationList;
			buildConfigurations = (
				85769B5525991D7F00FDA692 /* Debug */,
				85769B5625991D7F00FDA692 /* Release */,
			);
			defaultConfigurationIsVisible = 0;
			defaultConfigurationName = Release;
		};
/* End XCConfigurationList section */
	};
	rootObject = 85769B1C25991D7E00FDA692 /* Project object */;
}
